
Microsoft Visual Studio Solution File, Format Version 12.00
# Visual Studio Version 16
VisualStudioVersion = 16.0.32510.428
MinimumVisualStudioVersion = 10.0.40219.1
Project("{FAE04EC0-301F-11D3-BF4B-00C04F79EFBC}") = "UI", "UI\UI.csproj", "{F8EE12F2-34A0-4546-968B-C1593396EA85}"
EndProject
Project("{FAE04EC0-301F-11D3-BF4B-00C04F79EFBC}") = "DAL", "DAL\DAL.csproj", "{8766CD0F-51B9-4E91-BCED-E392A88CC9A9}"
EndProject
Project("{FAE04EC0-301F-11D3-BF4B-00C04F79EFBC}") = "DATA", "DATA\DATA.csproj", "{84898185-CC80-4A82-AE9C-B04F199F5C88}"
EndProject
Global
	GlobalSection(SolutionConfigurationPlatforms) = preSolution
		Debug|Any CPU = Debug|Any CPU
		Release|Any CPU = Release|Any CPU
	EndGlobalSection
	GlobalSection(ProjectConfigurationPlatforms) = postSolution
		{F8EE12F2-34A0-4546-968B-C1593396EA85}.Debug|Any CPU.ActiveCfg = Debug|Any CPU
		{F8EE12F2-34A0-4546-968B-C1593396EA85}.Debug|Any CPU.Build.0 = Debug|Any CPU
		{F8EE12F2-34A0-4546-968B-C1593396EA85}.Release|Any CPU.ActiveCfg = Release|Any CPU
		{F8EE12F2-34A0-4546-968B-C1593396EA85}.Release|Any CPU.Build.0 = Release|Any CPU
		{8766CD0F-51B9-4E91-BCED-E392A88CC9A9}.Debug|Any CPU.ActiveCfg = Debug|Any CPU
		{8766CD0F-51B9-4E91-BCED-E392A88CC9A9}.Debug|Any CPU.Build.0 = Debug|Any CPU
		{8766CD0F-51B9-4E91-BCED-E392A88CC9A9}.Release|Any CPU.ActiveCfg = Release|Any CPU
		{8766CD0F-51B9-4E91-BCED-E392A88CC9A9}.Release|Any CPU.Build.0 = Release|Any CPU
		{84898185-CC80-4A82-AE9C-B04F199F5C88}.Debug|Any CPU.ActiveCfg = Debug|Any CPU
		{84898185-CC80-4A82-AE9C-B04F199F5C88}.Debug|Any CPU.Build.0 = Debug|Any CPU
		{84898185-CC80-4A82-AE9C-B04F199F5C88}.Release|Any CPU.ActiveCfg = Release|Any CPU
		{84898185-CC80-4A82-AE9C-B04F199F5C88}.Release|Any CPU.Build.0 = Release|Any CPU
	EndGlobalSection
	GlobalSection(SolutionProperties) = preSolution
		HideSolutionNode = FALSE
	EndGlobalSection
	GlobalSection(ExtensibilityGlobals) = postSolution
		SolutionGuid = {9E7D0E82-3E52-4CAD-B2AE-3060AD10829E}
	EndGlobalSection
EndGlobal
